
Microsoft Visual Studio Solution File, Format Version 12.00
# Visual Studio Version 17
VisualStudioVersion = 17.3.32929.385
MinimumVisualStudioVersion = 10.0.40219.1
Project("{FAE04EC0-301F-11D3-BF4B-00C04F79EFBC}") = "Kristóf Baráth", "Kristóf Baráth\Kristóf Baráth.csproj", "{7CA3666D-9940-4BC7-8BD2-2EA37AC99AFA}"
EndProject
Global
	GlobalSection(SolutionConfigurationPlatforms) = preSolution
		Debug|Any CPU = Debug|Any CPU
		Release|Any CPU = Release|Any CPU
	EndGlobalSection
	GlobalSection(ProjectConfigurationPlatforms) = postSolution
		{7CA3666D-9940-4BC7-8BD2-2EA37AC99AFA}.Debug|Any CPU.ActiveCfg = Debug|Any CPU
		{7CA3666D-9940-4BC7-8BD2-2EA37AC99AFA}.Debug|Any CPU.Build.0 = Debug|Any CPU
		{7CA3666D-9940-4BC7-8BD2-2EA37AC99AFA}.Release|Any CPU.ActiveCfg = Release|Any CPU
		{7CA3666D-9940-4BC7-8BD2-2EA37AC99AFA}.Release|Any CPU.Build.0 = Release|Any CPU
	EndGlobalSection
	GlobalSection(SolutionProperties) = preSolution
		HideSolutionNode = FALSE
	EndGlobalSection
	GlobalSection(ExtensibilityGlobals) = postSolution
		SolutionGuid = {44C28A54-A5FA-426B-9357-3CC3AB9B7EF7}
	EndGlobalSection
EndGlobal
